
Microsoft Visual Studio Solution File, Format Version 12.00
# Visual Studio Version 17
VisualStudioVersion = 17.9.34723.18
MinimumVisualStudioVersion = 10.0.40219.1
Project("{9A19103F-16F7-4668-BE54-9A1E7A4F7556}") = "IFirst", "IFirst\IFirst.csproj", "{0DAF7B73-FE56-4F63-A9BF-56D6B08F41EC}"
EndProject
Project("{FAE04EC0-301F-11D3-BF4B-00C04F79EFBC}") = "FirstDBSpecific", "..\Code\DatabaseSpecific\FirstDBSpecific.csproj", "{892006F8-13A1-4737-92F4-0DD6D986FF5F}"
EndProject
Project("{FAE04EC0-301F-11D3-BF4B-00C04F79EFBC}") = "First", "..\Code\DatabaseGeneric\First.csproj", "{0575157D-F078-4CFC-A7F1-C1C016D01EDD}"
EndProject
Project("{FAE04EC0-301F-11D3-BF4B-00C04F79EFBC}") = "Dtos", "..\Code\Dtos\Dtos.csproj", "{0E149E73-527E-4E85-AC8E-5189FE9EBC77}"
EndProject
Global
	GlobalSection(SolutionConfigurationPlatforms) = preSolution
		Debug|Any CPU = Debug|Any CPU
		Release|Any CPU = Release|Any CPU
	EndGlobalSection
	GlobalSection(ProjectConfigurationPlatforms) = postSolution
		{0DAF7B73-FE56-4F63-A9BF-56D6B08F41EC}.Debug|Any CPU.ActiveCfg = Debug|Any CPU
		{0DAF7B73-FE56-4F63-A9BF-56D6B08F41EC}.Debug|Any CPU.Build.0 = Debug|Any CPU
		{0DAF7B73-FE56-4F63-A9BF-56D6B08F41EC}.Release|Any CPU.ActiveCfg = Release|Any CPU
		{0DAF7B73-FE56-4F63-A9BF-56D6B08F41EC}.Release|Any CPU.Build.0 = Release|Any CPU
		{892006F8-13A1-4737-92F4-0DD6D986FF5F}.Debug|Any CPU.ActiveCfg = Debug|Any CPU
		{892006F8-13A1-4737-92F4-0DD6D986FF5F}.Debug|Any CPU.Build.0 = Debug|Any CPU
		{892006F8-13A1-4737-92F4-0DD6D986FF5F}.Release|Any CPU.ActiveCfg = Release|Any CPU
		{892006F8-13A1-4737-92F4-0DD6D986FF5F}.Release|Any CPU.Build.0 = Release|Any CPU
		{0575157D-F078-4CFC-A7F1-C1C016D01EDD}.Debug|Any CPU.ActiveCfg = Debug|Any CPU
		{0575157D-F078-4CFC-A7F1-C1C016D01EDD}.Debug|Any CPU.Build.0 = Debug|Any CPU
		{0575157D-F078-4CFC-A7F1-C1C016D01EDD}.Release|Any CPU.ActiveCfg = Release|Any CPU
		{0575157D-F078-4CFC-A7F1-C1C016D01EDD}.Release|Any CPU.Build.0 = Release|Any CPU
		{0E149E73-527E-4E85-AC8E-5189FE9EBC77}.Debug|Any CPU.ActiveCfg = Debug|Any CPU
		{0E149E73-527E-4E85-AC8E-5189FE9EBC77}.Debug|Any CPU.Build.0 = Debug|Any CPU
		{0E149E73-527E-4E85-AC8E-5189FE9EBC77}.Release|Any CPU.ActiveCfg = Release|Any CPU
		{0E149E73-527E-4E85-AC8E-5189FE9EBC77}.Release|Any CPU.Build.0 = Release|Any CPU
	EndGlobalSection
	GlobalSection(SolutionProperties) = preSolution
		HideSolutionNode = FALSE
	EndGlobalSection
	GlobalSection(ExtensibilityGlobals) = postSolution
		SolutionGuid = {61BE58CC-39C6-4AD6-80DC-7CB597C20D06}
	EndGlobalSection
EndGlobal
